// !$*UTF8*$!
{
	archiveVersion = 1;
	classes = {
	};
	objectVersion = 50;
	objects = {

/* Begin PBXBuildFile section */
		2F81E40022ACBFE5002E21B1 /* AppDelegate.swift in Sources */ = {isa = PBXBuildFile; fileRef = 2F81E3FF22ACBFE5002E21B1 /* AppDelegate.swift */; };
		2F81E40222ACBFE5002E21B1 /* SceneDelegate.swift in Sources */ = {isa = PBXBuildFile; fileRef = 2F81E40122ACBFE5002E21B1 /* SceneDelegate.swift */; };
		2F81E40422ACBFE5002E21B1 /* LandmarkDetail.swift in Sources */ = {isa = PBXBuildFile; fileRef = 2F81E40322ACBFE5002E21B1 /* LandmarkDetail.swift */; };
		2F81E40622ACBFE6002E21B1 /* Assets.xcassets in Resources */ = {isa = PBXBuildFile; fileRef = 2F81E40522ACBFE6002E21B1 /* Assets.xcassets */; };
		2F81E40922ACBFE6002E21B1 /* Preview Assets.xcassets in Resources */ = {isa = PBXBuildFile; fileRef = 2F81E40822ACBFE6002E21B1 /* Preview Assets.xcassets */; };
		2F81E40C22ACBFE6002E21B1 /* LaunchScreen.storyboard in Resources */ = {isa = PBXBuildFile; fileRef = 2F81E40A22ACBFE6002E21B1 /* LaunchScreen.storyboard */; };
		2F81E41722ACBFE6002E21B1 /* LandmarksTests.swift in Sources */ = {isa = PBXBuildFile; fileRef = 2F81E41622ACBFE6002E21B1 /* LandmarksTests.swift */; };
		2F81E42222ACBFE6002E21B1 /* LandmarksUITests.swift in Sources */ = {isa = PBXBuildFile; fileRef = 2F81E42122ACBFE6002E21B1 /* LandmarksUITests.swift */; };
		2F81E43622ACF257002E21B1 /* MapView.swift in Sources */ = {isa = PBXBuildFile; fileRef = 2F81E43422ACF257002E21B1 /* MapView.swift */; };
		2F81E43722ACF257002E21B1 /* CircleImage.swift in Sources */ = {isa = PBXBuildFile; fileRef = 2F81E43522ACF257002E21B1 /* CircleImage.swift */; };
		2F81E44622ACF263002E21B1 /* turtlerock.jpg in Resources */ = {isa = PBXBuildFile; fileRef = 2F81E43922ACF263002E21B1 /* turtlerock.jpg */; };
		2F81E44722ACF263002E21B1 /* silversalmoncreek.jpg in Resources */ = {isa = PBXBuildFile; fileRef = 2F81E43A22ACF263002E21B1 /* silversalmoncreek.jpg */; };
		2F81E44822ACF263002E21B1 /* icybay.jpg in Resources */ = {isa = PBXBuildFile; fileRef = 2F81E43B22ACF263002E21B1 /* icybay.jpg */; };
		2F81E44922ACF263002E21B1 /* lakemcdonald.jpg in Resources */ = {isa = PBXBuildFile; fileRef = 2F81E43C22ACF263002E21B1 /* lakemcdonald.jpg */; };
		2F81E44A22ACF263002E21B1 /* hiddenlake.jpg in Resources */ = {isa = PBXBuildFile; fileRef = 2F81E43D22ACF263002E21B1 /* hiddenlake.jpg */; };
		2F81E44B22ACF263002E21B1 /* twinlake.jpg in Resources */ = {isa = PBXBuildFile; fileRef = 2F81E43E22ACF263002E21B1 /* twinlake.jpg */; };
		2F81E44C22ACF263002E21B1 /* umbagog.jpg in Resources */ = {isa = PBXBuildFile; fileRef = 2F81E43F22ACF263002E21B1 /* umbagog.jpg */; };
		2F81E44D22ACF263002E21B1 /* landmarkData.json in Resources */ = {isa = PBXBuildFile; fileRef = 2F81E44022ACF263002E21B1 /* landmarkData.json */; };
		2F81E44E22ACF263002E21B1 /* chincoteague.jpg in Resources */ = {isa = PBXBuildFile; fileRef = 2F81E44122ACF263002E21B1 /* chincoteague.jpg */; };
		2F81E44F22ACF263002E21B1 /* yukon_charleyrivers.jpg in Resources */ = {isa = PBXBuildFile; fileRef = 2F81E44222ACF263002E21B1 /* yukon_charleyrivers.jpg */; };
		2F81E45022ACF263002E21B1 /* stmarylake.jpg in Resources */ = {isa = PBXBuildFile; fileRef = 2F81E44322ACF263002E21B1 /* stmarylake.jpg */; };
		2F81E45122ACF263002E21B1 /* chilkoottrail.jpg in Resources */ = {isa = PBXBuildFile; fileRef = 2F81E44422ACF263002E21B1 /* chilkoottrail.jpg */; };
		2F81E45222ACF263002E21B1 /* rainbowlake.jpg in Resources */ = {isa = PBXBuildFile; fileRef = 2F81E44522ACF263002E21B1 /* rainbowlake.jpg */; };
		2F81E45522ACF37C002E21B1 /* Landmark.swift in Sources */ = {isa = PBXBuildFile; fileRef = 2F81E45422ACF37C002E21B1 /* Landmark.swift */; };
		2F81E45722ACF465002E21B1 /* LandmarkStore.swift in Sources */ = {isa = PBXBuildFile; fileRef = 2F81E45622ACF465002E21B1 /* LandmarkStore.swift */; };
		2F81E45B22ACF610002E21B1 /* LandmarkRow.swift in Sources */ = {isa = PBXBuildFile; fileRef = 2F81E45A22ACF610002E21B1 /* LandmarkRow.swift */; };
		2F81E45D22ACF7D8002E21B1 /* LandmarkList.swift in Sources */ = {isa = PBXBuildFile; fileRef = 2F81E45C22ACF7D8002E21B1 /* LandmarkList.swift */; };
		2F81E45F22ACFA82002E21B1 /* ImageStore.swift in Sources */ = {isa = PBXBuildFile; fileRef = 2F81E45E22ACFA82002E21B1 /* ImageStore.swift */; };
/* End PBXBuildFile section */

/* Begin PBXContainerItemProxy section */
		2F81E41322ACBFE6002E21B1 /* PBXContainerItemProxy */ = {
			isa = PBXContainerItemProxy;
			containerPortal = 2F81E3F422ACBFE5002E21B1 /* Project object */;
			proxyType = 1;
			remoteGlobalIDString = 2F81E3FB22ACBFE5002E21B1;
			remoteInfo = Landmarks;
		};
		2F81E41E22ACBFE6002E21B1 /* PBXContainerItemProxy */ = {
			isa = PBXContainerItemProxy;
			containerPortal = 2F81E3F422ACBFE5002E21B1 /* Project object */;
			proxyType = 1;
			remoteGlobalIDString = 2F81E3FB22ACBFE5002E21B1;
			remoteInfo = Landmarks;
		};
/* End PBXContainerItemProxy section */

/* Begin PBXFileReference section */
		2F81E3FC22ACBFE5002E21B1 /* Landmarks.app */ = {isa = PBXFileReference; explicitFileType = wrapper.application; includeInIndex = 0; path = Landmarks.app; sourceTree = BUILT_PRODUCTS_DIR; };
		2F81E3FF22ACBFE5002E21B1 /* AppDelegate.swift */ = {isa = PBXFileReference; lastKnownFileType = sourcecode.swift; path = AppDelegate.swift; sourceTree = "<group>"; };
		2F81E40122ACBFE5002E21B1 /* SceneDelegate.swift */ = {isa = PBXFileReference; lastKnownFileType = sourcecode.swift; path = SceneDelegate.swift; sourceTree = "<group>"; };
		2F81E40322ACBFE5002E21B1 /* LandmarkDetail.swift */ = {isa = PBXFileReference; lastKnownFileType = sourcecode.swift; path = LandmarkDetail.swift; sourceTree = "<group>"; };
		2F81E40522ACBFE6002E21B1 /* Assets.xcassets */ = {isa = PBXFileReference; lastKnownFileType = folder.assetcatalog; path = Assets.xcassets; sourceTree = "<group>"; };
		2F81E40822ACBFE6002E21B1 /* Preview Assets.xcassets */ = {isa = PBXFileReference; lastKnownFileType = folder.assetcatalog; path = "Preview Assets.xcassets"; sourceTree = "<group>"; };
		2F81E40B22ACBFE6002E21B1 /* Base */ = {isa = PBXFileReference; lastKnownFileType = file.storyboard; name = Base; path = Base.lproj/LaunchScreen.storyboard; sourceTree = "<group>"; };
		2F81E40D22ACBFE6002E21B1 /* Info.plist */ = {isa = PBXFileReference; lastKnownFileType = text.plist.xml; path = Info.plist; sourceTree = "<group>"; };
		2F81E41222ACBFE6002E21B1 /* LandmarksTests.xctest */ = {isa = PBXFileReference; explicitFileType = wrapper.cfbundle; includeInIndex = 0; path = LandmarksTests.xctest; sourceTree = BUILT_PRODUCTS_DIR; };
		2F81E41622ACBFE6002E21B1 /* LandmarksTests.swift */ = {isa = PBXFileReference; lastKnownFileType = sourcecode.swift; path = LandmarksTests.swift; sourceTree = "<group>"; };
		2F81E41822ACBFE6002E21B1 /* Info.plist */ = {isa = PBXFileReference; lastKnownFileType = text.plist.xml; path = Info.plist; sourceTree = "<group>"; };
		2F81E41D22ACBFE6002E21B1 /* LandmarksUITests.xctest */ = {isa = PBXFileReference; explicitFileType = wrapper.cfbundle; includeInIndex = 0; path = LandmarksUITests.xctest; sourceTree = BUILT_PRODUCTS_DIR; };
		2F81E42122ACBFE6002E21B1 /* LandmarksUITests.swift */ = {isa = PBXFileReference; lastKnownFileType = sourcecode.swift; path = LandmarksUITests.swift; sourceTree = "<group>"; };
		2F81E42322ACBFE6002E21B1 /* Info.plist */ = {isa = PBXFileReference; lastKnownFileType = text.plist.xml; path = Info.plist; sourceTree = "<group>"; };
		2F81E43422ACF257002E21B1 /* MapView.swift */ = {isa = PBXFileReference; fileEncoding = 4; lastKnownFileType = sourcecode.swift; path = MapView.swift; sourceTree = "<group>"; };
		2F81E43522ACF257002E21B1 /* CircleImage.swift */ = {isa = PBXFileReference; fileEncoding = 4; lastKnownFileType = sourcecode.swift; path = CircleImage.swift; sourceTree = "<group>"; };
		2F81E43922ACF263002E21B1 /* turtlerock.jpg */ = {isa = PBXFileReference; lastKnownFileType = image.jpeg; path = turtlerock.jpg; sourceTree = "<group>"; };
		2F81E43A22ACF263002E21B1 /* silversalmoncreek.jpg */ = {isa = PBXFileReference; lastKnownFileType = image.jpeg; path = silversalmoncreek.jpg; sourceTree = "<group>"; };
		2F81E43B22ACF263002E21B1 /* icybay.jpg */ = {isa = PBXFileReference; lastKnownFileType = image.jpeg; path = icybay.jpg; sourceTree = "<group>"; };
		2F81E43C22ACF263002E21B1 /* lakemcdonald.jpg */ = {isa = PBXFileReference; lastKnownFileType = image.jpeg; path = lakemcdonald.jpg; sourceTree = "<group>"; };
		2F81E43D22ACF263002E21B1 /* hiddenlake.jpg */ = {isa = PBXFileReference; lastKnownFileType = image.jpeg; path = hiddenlake.jpg; sourceTree = "<group>"; };
		2F81E43E22ACF263002E21B1 /* twinlake.jpg */ = {isa = PBXFileReference; lastKnownFileType = image.jpeg; path = twinlake.jpg; sourceTree = "<group>"; };
		2F81E43F22ACF263002E21B1 /* umbagog.jpg */ = {isa = PBXFileReference; lastKnownFileType = image.jpeg; path = umbagog.jpg; sourceTree = "<group>"; };
		2F81E44022ACF263002E21B1 /* landmarkData.json */ = {isa = PBXFileReference; fileEncoding = 4; lastKnownFileType = text.json; path = landmarkData.json; sourceTree = "<group>"; };
		2F81E44122ACF263002E21B1 /* chincoteague.jpg */ = {isa = PBXFileReference; lastKnownFileType = image.jpeg; path = chincoteague.jpg; sourceTree = "<group>"; };
		2F81E44222ACF263002E21B1 /* yukon_charleyrivers.jpg */ = {isa = PBXFileReference; lastKnownFileType = image.jpeg; path = yukon_charleyrivers.jpg; sourceTree = "<group>"; };
		2F81E44322ACF263002E21B1 /* stmarylake.jpg */ = {isa = PBXFileReference; lastKnownFileType = image.jpeg; path = stmarylake.jpg; sourceTree = "<group>"; };
		2F81E44422ACF263002E21B1 /* chilkoottrail.jpg */ = {isa = PBXFileReference; lastKnownFileType = image.jpeg; path = chilkoottrail.jpg; sourceTree = "<group>"; };
		2F81E44522ACF263002E21B1 /* rainbowlake.jpg */ = {isa = PBXFileReference; lastKnownFileType = image.jpeg; path = rainbowlake.jpg; sourceTree = "<group>"; };
		2F81E45422ACF37C002E21B1 /* Landmark.swift */ = {isa = PBXFileReference; lastKnownFileType = sourcecode.swift; path = Landmark.swift; sourceTree = "<group>"; };
		2F81E45622ACF465002E21B1 /* LandmarkStore.swift */ = {isa = PBXFileReference; lastKnownFileType = sourcecode.swift; path = LandmarkStore.swift; sourceTree = "<group>"; };
		2F81E45A22ACF610002E21B1 /* LandmarkRow.swift */ = {isa = PBXFileReference; lastKnownFileType = sourcecode.swift; path = LandmarkRow.swift; sourceTree = "<group>"; };
		2F81E45C22ACF7D8002E21B1 /* LandmarkList.swift */ = {isa = PBXFileReference; lastKnownFileType = sourcecode.swift; path = LandmarkList.swift; sourceTree = "<group>"; };
		2F81E45E22ACFA82002E21B1 /* ImageStore.swift */ = {isa = PBXFileReference; lastKnownFileType = sourcecode.swift; path = ImageStore.swift; sourceTree = "<group>"; };
/* End PBXFileReference section */

/* Begin PBXFrameworksBuildPhase section */
		2F81E3F922ACBFE5002E21B1 /* Frameworks */ = {
			isa = PBXFrameworksBuildPhase;
			buildActionMask = 2147483647;
			files = (
			);
			runOnlyForDeploymentPostprocessing = 0;
		};
		2F81E40F22ACBFE6002E21B1 /* Frameworks */ = {
			isa = PBXFrameworksBuildPhase;
			buildActionMask = 2147483647;
			files = (
			);
			runOnlyForDeploymentPostprocessing = 0;
		};
		2F81E41A22ACBFE6002E21B1 /* Frameworks */ = {
			isa = PBXFrameworksBuildPhase;
			buildActionMask = 2147483647;
			files = (
			);
			runOnlyForDeploymentPostprocessing = 0;
		};
/* End PBXFrameworksBuildPhase section */

/* Begin PBXGroup section */
		2F81E3F322ACBFE5002E21B1 = {
			isa = PBXGroup;
			children = (
				2F81E3FE22ACBFE5002E21B1 /* Landmarks */,
				2F81E41522ACBFE6002E21B1 /* LandmarksTests */,
				2F81E42022ACBFE6002E21B1 /* LandmarksUITests */,
				2F81E3FD22ACBFE5002E21B1 /* Products */,
			);
			sourceTree = "<group>";
		};
		2F81E3FD22ACBFE5002E21B1 /* Products */ = {
			isa = PBXGroup;
			children = (
				2F81E3FC22ACBFE5002E21B1 /* Landmarks.app */,
				2F81E41222ACBFE6002E21B1 /* LandmarksTests.xctest */,
				2F81E41D22ACBFE6002E21B1 /* LandmarksUITests.xctest */,
			);
			name = Products;
			sourceTree = "<group>";
		};
		2F81E3FE22ACBFE5002E21B1 /* Landmarks */ = {
			isa = PBXGroup;
			children = (
				2F81E45322ACF26C002E21B1 /* Model */,
				2F81E43822ACF263002E21B1 /* Resources */,
				2F81E43322ACF257002E21B1 /* View */,
				2F81E3FF22ACBFE5002E21B1 /* AppDelegate.swift */,
				2F81E40122ACBFE5002E21B1 /* SceneDelegate.swift */,
				2F81E40522ACBFE6002E21B1 /* Assets.xcassets */,
				2F81E40A22ACBFE6002E21B1 /* LaunchScreen.storyboard */,
				2F81E40D22ACBFE6002E21B1 /* Info.plist */,
				2F81E40722ACBFE6002E21B1 /* Preview Content */,
			);
			path = Landmarks;
			sourceTree = "<group>";
		};
		2F81E40722ACBFE6002E21B1 /* Preview Content */ = {
			isa = PBXGroup;
			children = (
				2F81E40822ACBFE6002E21B1 /* Preview Assets.xcassets */,
			);
			path = "Preview Content";
			sourceTree = "<group>";
		};
		2F81E41522ACBFE6002E21B1 /* LandmarksTests */ = {
			isa = PBXGroup;
			children = (
				2F81E41622ACBFE6002E21B1 /* LandmarksTests.swift */,
				2F81E41822ACBFE6002E21B1 /* Info.plist */,
			);
			path = LandmarksTests;
			sourceTree = "<group>";
		};
		2F81E42022ACBFE6002E21B1 /* LandmarksUITests */ = {
			isa = PBXGroup;
			children = (
				2F81E42122ACBFE6002E21B1 /* LandmarksUITests.swift */,
				2F81E42322ACBFE6002E21B1 /* Info.plist */,
			);
			path = LandmarksUITests;
			sourceTree = "<group>";
		};
		2F81E43322ACF257002E21B1 /* View */ = {
			isa = PBXGroup;
			children = (
				2F81E43422ACF257002E21B1 /* MapView.swift */,
				2F81E43522ACF257002E21B1 /* CircleImage.swift */,
				2F81E45A22ACF610002E21B1 /* LandmarkRow.swift */,
				2F81E45C22ACF7D8002E21B1 /* LandmarkList.swift */,
				2F81E40322ACBFE5002E21B1 /* LandmarkDetail.swift */,
			);
			path = View;
			sourceTree = "<group>";
		};
		2F81E43822ACF263002E21B1 /* Resources */ = {
			isa = PBXGroup;
			children = (
				2F81E44022ACF263002E21B1 /* landmarkData.json */,
				2F81E43922ACF263002E21B1 /* turtlerock.jpg */,
				2F81E43A22ACF263002E21B1 /* silversalmoncreek.jpg */,
				2F81E43B22ACF263002E21B1 /* icybay.jpg */,
				2F81E43C22ACF263002E21B1 /* lakemcdonald.jpg */,
				2F81E43D22ACF263002E21B1 /* hiddenlake.jpg */,
				2F81E43E22ACF263002E21B1 /* twinlake.jpg */,
				2F81E43F22ACF263002E21B1 /* umbagog.jpg */,
				2F81E44122ACF263002E21B1 /* chincoteague.jpg */,
				2F81E44222ACF263002E21B1 /* yukon_charleyrivers.jpg */,
				2F81E44322ACF263002E21B1 /* stmarylake.jpg */,
				2F81E44422ACF263002E21B1 /* chilkoottrail.jpg */,
				2F81E44522ACF263002E21B1 /* rainbowlake.jpg */,
			);
			path = Resources;
			sourceTree = "<group>";
		};
		2F81E45322ACF26C002E21B1 /* Model */ = {
			isa = PBXGroup;
			children = (
				2F81E45422ACF37C002E21B1 /* Landmark.swift */,
				2F81E45622ACF465002E21B1 /* LandmarkStore.swift */,
				2F81E45E22ACFA82002E21B1 /* ImageStore.swift */,
			);
			path = Model;
			sourceTree = "<group>";
		};
/* End PBXGroup section */

/* Begin PBXNativeTarget section */
		2F81E3FB22ACBFE5002E21B1 /* Landmarks */ = {
			isa = PBXNativeTarget;
			buildConfigurationList = 2F81E42622ACBFE6002E21B1 /* Build configuration list for PBXNativeTarget "Landmarks" */;
			buildPhases = (
				2F81E3F822ACBFE5002E21B1 /* Sources */,
				2F81E3F922ACBFE5002E21B1 /* Frameworks */,
				2F81E3FA22ACBFE5002E21B1 /* Resources */,
			);
			buildRules = (
			);
			dependencies = (
			);
			name = Landmarks;
			productName = Landmarks;
			productReference = 2F81E3FC22ACBFE5002E21B1 /* Landmarks.app */;
			productType = "com.apple.product-type.application";
		};
		2F81E41122ACBFE6002E21B1 /* LandmarksTests */ = {
			isa = PBXNativeTarget;
			buildConfigurationList = 2F81E42922ACBFE6002E21B1 /* Build configuration list for PBXNativeTarget "LandmarksTests" */;
			buildPhases = (
				2F81E40E22ACBFE6002E21B1 /* Sources */,
				2F81E40F22ACBFE6002E21B1 /* Frameworks */,
				2F81E41022ACBFE6002E21B1 /* Resources */,
			);
			buildRules = (
			);
			dependencies = (
				2F81E41422ACBFE6002E21B1 /* PBXTargetDependency */,
			);
			name = LandmarksTests;
			productName = LandmarksTests;
			productReference = 2F81E41222ACBFE6002E21B1 /* LandmarksTests.xctest */;
			productType = "com.apple.product-type.bundle.unit-test";
		};
		2F81E41C22ACBFE6002E21B1 /* LandmarksUITests */ = {
			isa = PBXNativeTarget;
			buildConfigurationList = 2F81E42C22ACBFE6002E21B1 /* Build configuration list for PBXNativeTarget "LandmarksUITests" */;
			buildPhases = (
				2F81E41922ACBFE6002E21B1 /* Sources */,
				2F81E41A22ACBFE6002E21B1 /* Frameworks */,
				2F81E41B22ACBFE6002E21B1 /* Resources */,
			);
			buildRules = (
			);
			dependencies = (
				2F81E41F22ACBFE6002E21B1 /* PBXTargetDependency */,
			);
			name = LandmarksUITests;
			productName = LandmarksUITests;
			productReference = 2F81E41D22ACBFE6002E21B1 /* LandmarksUITests.xctest */;
			productType = "com.apple.product-type.bundle.ui-testing";
		};
/* End PBXNativeTarget section */

/* Begin PBXProject section */
		2F81E3F422ACBFE5002E21B1 /* Project object */ = {
			isa = PBXProject;
			attributes = {
				LastSwiftUpdateCheck = 1100;
				LastUpgradeCheck = 1100;
				ORGANIZATIONNAME = DavidTran;
				TargetAttributes = {
					2F81E3FB22ACBFE5002E21B1 = {
						CreatedOnToolsVersion = 11.0;
					};
					2F81E41122ACBFE6002E21B1 = {
						CreatedOnToolsVersion = 11.0;
						TestTargetID = 2F81E3FB22ACBFE5002E21B1;
					};
					2F81E41C22ACBFE6002E21B1 = {
						CreatedOnToolsVersion = 11.0;
						TestTargetID = 2F81E3FB22ACBFE5002E21B1;
					};
				};
			};
			buildConfigurationList = 2F81E3F722ACBFE5002E21B1 /* Build configuration list for PBXProject "Landmarks" */;
			compatibilityVersion = "Xcode 9.3";
			developmentRegion = en;
			hasScannedForEncodings = 0;
			knownRegions = (
				en,
				Base,
			);
			mainGroup = 2F81E3F322ACBFE5002E21B1;
			productRefGroup = 2F81E3FD22ACBFE5002E21B1 /* Products */;
			projectDirPath = "";
			projectRoot = "";
			targets = (
				2F81E3FB22ACBFE5002E21B1 /* Landmarks */,
				2F81E41122ACBFE6002E21B1 /* LandmarksTests */,
				2F81E41C22ACBFE6002E21B1 /* LandmarksUITests */,
			);
		};
/* End PBXProject section */

/* Begin PBXResourcesBuildPhase section */
		2F81E3FA22ACBFE5002E21B1 /* Resources */ = {
			isa = PBXResourcesBuildPhase;
			buildActionMask = 2147483647;
			files = (
				2F81E44922ACF263002E21B1 /* lakemcdonald.jpg in Resources */,
				2F81E44722ACF263002E21B1 /* silversalmoncreek.jpg in Resources */,
				2F81E44D22ACF263002E21B1 /* landmarkData.json in Resources */,
				2F81E44622ACF263002E21B1 /* turtlerock.jpg in Resources */,
				2F81E40C22ACBFE6002E21B1 /* LaunchScreen.storyboard in Resources */,
				2F81E44C22ACF263002E21B1 /* umbagog.jpg in Resources */,
				2F81E45022ACF263002E21B1 /* stmarylake.jpg in Resources */,
				2F81E44E22ACF263002E21B1 /* chincoteague.jpg in Resources */,
				2F81E40922ACBFE6002E21B1 /* Preview Assets.xcassets in Resources */,
				2F81E44822ACF263002E21B1 /* icybay.jpg in Resources */,
				2F81E44B22ACF263002E21B1 /* twinlake.jpg in Resources */,
				2F81E44A22ACF263002E21B1 /* hiddenlake.jpg in Resources */,
				2F81E40622ACBFE6002E21B1 /* Assets.xcassets in Resources */,
				2F81E45222ACF263002E21B1 /* rainbowlake.jpg in Resources */,
				2F81E45122ACF263002E21B1 /* chilkoottrail.jpg in Resources */,
				2F81E44F22ACF263002E21B1 /* yukon_charleyrivers.jpg in Resources */,
			);
			runOnlyForDeploymentPostprocessing = 0;
		};
		2F81E41022ACBFE6002E21B1 /* Resources */ = {
			isa = PBXResourcesBuildPhase;
			buildActionMask = 2147483647;
			files = (
			);
			runOnlyForDeploymentPostprocessing = 0;
		};
		2F81E41B22ACBFE6002E21B1 /* Resources */ = {
			isa = PBXResourcesBuildPhase;
			buildActionMask = 2147483647;
			files = (
			);
			runOnlyForDeploymentPostprocessing = 0;
		};
/* End PBXResourcesBuildPhase section */

/* Begin PBXSourcesBuildPhase section */
		2F81E3F822ACBFE5002E21B1 /* Sources */ = {
			isa = PBXSourcesBuildPhase;
			buildActionMask = 2147483647;
			files = (
				2F81E45722ACF465002E21B1 /* LandmarkStore.swift in Sources */,
				2F81E40022ACBFE5002E21B1 /* AppDelegate.swift in Sources */,
				2F81E43622ACF257002E21B1 /* MapView.swift in Sources */,
				2F81E45F22ACFA82002E21B1 /* ImageStore.swift in Sources */,
				2F81E40222ACBFE5002E21B1 /* SceneDelegate.swift in Sources */,
				2F81E45D22ACF7D8002E21B1 /* LandmarkList.swift in Sources */,
				2F81E40422ACBFE5002E21B1 /* LandmarkDetail.swift in Sources */,
				2F81E43722ACF257002E21B1 /* CircleImage.swift in Sources */,
				2F81E45B22ACF610002E21B1 /* LandmarkRow.swift in Sources */,
				2F81E45522ACF37C002E21B1 /* Landmark.swift in Sources */,
			);
			runOnlyForDeploymentPostprocessing = 0;
		};
		2F81E40E22ACBFE6002E21B1 /* Sources */ = {
			isa = PBXSourcesBuildPhase;
			buildActionMask = 2147483647;
			files = (
				2F81E41722ACBFE6002E21B1 /* LandmarksTests.swift in Sources */,
			);
			runOnlyForDeploymentPostprocessing = 0;
		};
		2F81E41922ACBFE6002E21B1 /* Sources */ = {
			isa = PBXSourcesBuildPhase;
			buildActionMask = 2147483647;
			files = (
				2F81E42222ACBFE6002E21B1 /* LandmarksUITests.swift in Sources */,
			);
			runOnlyForDeploymentPostprocessing = 0;
		};
/* End PBXSourcesBuildPhase section */

/* Begin PBXTargetDependency section */
		2F81E41422ACBFE6002E21B1 /* PBXTargetDependency */ = {
			isa = PBXTargetDependency;
			target = 2F81E3FB22ACBFE5002E21B1 /* Landmarks */;
			targetProxy = 2F81E41322ACBFE6002E21B1 /* PBXContainerItemProxy */;
		};
		2F81E41F22ACBFE6002E21B1 /* PBXTargetDependency */ = {
			isa = PBXTargetDependency;
			target = 2F81E3FB22ACBFE5002E21B1 /* Landmarks */;
			targetProxy = 2F81E41E22ACBFE6002E21B1 /* PBXContainerItemProxy */;
		};
/* End PBXTargetDependency section */

/* Begin PBXVariantGroup section */
		2F81E40A22ACBFE6002E21B1 /* LaunchScreen.storyboard */ = {
			isa = PBXVariantGroup;
			children = (
				2F81E40B22ACBFE6002E21B1 /* Base */,
			);
			name = LaunchScreen.storyboard;
			sourceTree = "<group>";
		};
/* End PBXVariantGroup section */

/* Begin XCBuildConfiguration section */
		2F81E42422ACBFE6002E21B1 /* Debug */ = {
			isa = XCBuildConfiguration;
			buildSettings = {
				ALWAYS_SEARCH_USER_PATHS = NO;
				CLANG_ANALYZER_NONNULL = YES;
				CLANG_ANALYZER_NUMBER_OBJECT_CONVERSION = YES_AGGRESSIVE;
				CLANG_CXX_LANGUAGE_STANDARD = "gnu++14";
				CLANG_CXX_LIBRARY = "libc++";
				CLANG_ENABLE_MODULES = YES;
				CLANG_ENABLE_OBJC_ARC = YES;
				CLANG_ENABLE_OBJC_WEAK = YES;
				CLANG_WARN_BLOCK_CAPTURE_AUTORELEASING = YES;
				CLANG_WARN_BOOL_CONVERSION = YES;
				CLANG_WARN_COMMA = YES;
				CLANG_WARN_CONSTANT_CONVERSION = YES;
				CLANG_WARN_DEPRECATED_OBJC_IMPLEMENTATIONS = YES;
				CLANG_WARN_DIRECT_OBJC_ISA_USAGE = YES_ERROR;
				CLANG_WARN_DOCUMENTATION_COMMENTS = YES;
				CLANG_WARN_EMPTY_BODY = YES;
				CLANG_WARN_ENUM_CONVERSION = YES;
				CLANG_WARN_INFINITE_RECURSION = YES;
				CLANG_WARN_INT_CONVERSION = YES;
				CLANG_WARN_NON_LITERAL_NULL_CONVERSION = YES;
				CLANG_WARN_OBJC_IMPLICIT_RETAIN_SELF = YES;
				CLANG_WARN_OBJC_LITERAL_CONVERSION = YES;
				CLANG_WARN_OBJC_ROOT_CLASS = YES_ERROR;
				CLANG_WARN_RANGE_LOOP_ANALYSIS = YES;
				CLANG_WARN_STRICT_PROTOTYPES = YES;
				CLANG_WARN_SUSPICIOUS_MOVE = YES;
				CLANG_WARN_UNGUARDED_AVAILABILITY = YES_AGGRESSIVE;
				CLANG_WARN_UNREACHABLE_CODE = YES;
				CLANG_WARN__DUPLICATE_METHOD_MATCH = YES;
				COPY_PHASE_STRIP = NO;
				DEBUG_INFORMATION_FORMAT = dwarf;
				ENABLE_STRICT_OBJC_MSGSEND = YES;
				ENABLE_TESTABILITY = YES;
				GCC_C_LANGUAGE_STANDARD = gnu11;
				GCC_DYNAMIC_NO_PIC = NO;
				GCC_NO_COMMON_BLOCKS = YES;
				GCC_OPTIMIZATION_LEVEL = 0;
				GCC_PREPROCESSOR_DEFINITIONS = (
					"DEBUG=1",
					"$(inherited)",
				);
				GCC_WARN_64_TO_32_BIT_CONVERSION = YES;
				GCC_WARN_ABOUT_RETURN_TYPE = YES_ERROR;
				GCC_WARN_UNDECLARED_SELECTOR = YES;
				GCC_WARN_UNINITIALIZED_AUTOS = YES_AGGRESSIVE;
				GCC_WARN_UNUSED_FUNCTION = YES;
				GCC_WARN_UNUSED_VARIABLE = YES;
				IPHONEOS_DEPLOYMENT_TARGET = 13.0;
				MTL_ENABLE_DEBUG_INFO = INCLUDE_SOURCE;
				MTL_FAST_MATH = YES;
				ONLY_ACTIVE_ARCH = YES;
				SDKROOT = iphoneos;
				SWIFT_ACTIVE_COMPILATION_CONDITIONS = DEBUG;
				SWIFT_OPTIMIZATION_LEVEL = "-Onone";
			};
			name = Debug;
		};
		2F81E42522ACBFE6002E21B1 /* Release */ = {
			isa = XCBuildConfiguration;
			buildSettings = {
				ALWAYS_SEARCH_USER_PATHS = NO;
				CLANG_ANALYZER_NONNULL = YES;
				CLANG_ANALYZER_NUMBER_OBJECT_CONVERSION = YES_AGGRESSIVE;
				CLANG_CXX_LANGUAGE_STANDARD = "gnu++14";
				CLANG_CXX_LIBRARY = "libc++";
				CLANG_ENABLE_MODULES = YES;
				CLANG_ENABLE_OBJC_ARC = YES;
				CLANG_ENABLE_OBJC_WEAK = YES;
				CLANG_WARN_BLOCK_CAPTURE_AUTORELEASING = YES;
				CLANG_WARN_BOOL_CONVERSION = YES;
				CLANG_WARN_COMMA = YES;
				CLANG_WARN_CONSTANT_CONVERSION = YES;
				CLANG_WARN_DEPRECATED_OBJC_IMPLEMENTATIONS = YES;
				CLANG_WARN_DIRECT_OBJC_ISA_USAGE = YES_ERROR;
				CLANG_WARN_DOCUMENTATION_COMMENTS = YES;
				CLANG_WARN_EMPTY_BODY = YES;
				CLANG_WARN_ENUM_CONVERSION = YES;
				CLANG_WARN_INFINITE_RECURSION = YES;
				CLANG_WARN_INT_CONVERSION = YES;
				CLANG_WARN_NON_LITERAL_NULL_CONVERSION = YES;
				CLANG_WARN_OBJC_IMPLICIT_RETAIN_SELF = YES;
				CLANG_WARN_OBJC_LITERAL_CONVERSION = YES;
				CLANG_WARN_OBJC_ROOT_CLASS = YES_ERROR;
				CLANG_WARN_RANGE_LOOP_ANALYSIS = YES;
				CLANG_WARN_STRICT_PROTOTYPES = YES;
				CLANG_WARN_SUSPICIOUS_MOVE = YES;
				CLANG_WARN_UNGUARDED_AVAILABILITY = YES_AGGRESSIVE;
				CLANG_WARN_UNREACHABLE_CODE = YES;
				CLANG_WARN__DUPLICATE_METHOD_MATCH = YES;
				COPY_PHASE_STRIP = NO;
				DEBUG_INFORMATION_FORMAT = "dwarf-with-dsym";
				ENABLE_NS_ASSERTIONS = NO;
				ENABLE_STRICT_OBJC_MSGSEND = YES;
				GCC_C_LANGUAGE_STANDARD = gnu11;
				GCC_NO_COMMON_BLOCKS = YES;
				GCC_WARN_64_TO_32_BIT_CONVERSION = YES;
				GCC_WARN_ABOUT_RETURN_TYPE = YES_ERROR;
				GCC_WARN_UNDECLARED_SELECTOR = YES;
				GCC_WARN_UNINITIALIZED_AUTOS = YES_AGGRESSIVE;
				GCC_WARN_UNUSED_FUNCTION = YES;
				GCC_WARN_UNUSED_VARIABLE = YES;
				IPHONEOS_DEPLOYMENT_TARGET = 13.0;
				MTL_ENABLE_DEBUG_INFO = NO;
				MTL_FAST_MATH = YES;
				SDKROOT = iphoneos;
				SWIFT_COMPILATION_MODE = wholemodule;
				SWIFT_OPTIMIZATION_LEVEL = "-O";
				VALIDATE_PRODUCT = YES;
			};
			name = Release;
		};
		2F81E42722ACBFE6002E21B1 /* Debug */ = {
			isa = XCBuildConfiguration;
			buildSettings = {
				ASSETCATALOG_COMPILER_APPICON_NAME = AppIcon;
				CODE_SIGN_STYLE = Automatic;
				DEVELOPMENT_ASSET_PATHS = "Landmarks/Preview\\ Content";
				ENABLE_PREVIEWS = YES;
				INFOPLIST_FILE = Landmarks/Info.plist;
				LD_RUNPATH_SEARCH_PATHS = (
					"$(inherited)",
					"@executable_path/Frameworks",
				);
				PRODUCT_BUNDLE_IDENTIFIER = DT.Landmarks;
				PRODUCT_NAME = "$(TARGET_NAME)";
				SWIFT_VERSION = 5.0;
				TARGETED_DEVICE_FAMILY = "1,2";
			};
			name = Debug;
		};
		2F81E42822ACBFE6002E21B1 /* Release */ = {
			isa = XCBuildConfiguration;
			buildSettings = {
				ASSETCATALOG_COMPILER_APPICON_NAME = AppIcon;
				CODE_SIGN_STYLE = Automatic;
				DEVELOPMENT_ASSET_PATHS = "Landmarks/Preview\\ Content";
				ENABLE_PREVIEWS = YES;
				INFOPLIST_FILE = Landmarks/Info.plist;
				LD_RUNPATH_SEARCH_PATHS = (
					"$(inherited)",
					"@executable_path/Frameworks",
				);
				PRODUCT_BUNDLE_IDENTIFIER = DT.Landmarks;
				PRODUCT_NAME = "$(TARGET_NAME)";
				SWIFT_VERSION = 5.0;
				TARGETED_DEVICE_FAMILY = "1,2";
			};
			name = Release;
		};
		2F81E42A22ACBFE6002E21B1 /* Debug */ = {
			isa = XCBuildConfiguration;
			buildSettings = {
				ALWAYS_EMBED_SWIFT_STANDARD_LIBRARIES = YES;
				BUNDLE_LOADER = "$(TEST_HOST)";
				CODE_SIGN_STYLE = Automatic;
				INFOPLIST_FILE = LandmarksTests/Info.plist;
				LD_RUNPATH_SEARCH_PATHS = (
					"$(inherited)",
					"@executable_path/Frameworks",
					"@loader_path/Frameworks",
				);
				PRODUCT_BUNDLE_IDENTIFIER = DT.LandmarksTests;
				PRODUCT_NAME = "$(TARGET_NAME)";
				SWIFT_VERSION = 5.0;
				TARGETED_DEVICE_FAMILY = "1,2";
				TEST_HOST = "$(BUILT_PRODUCTS_DIR)/Landmarks.app/Landmarks";
			};
			name = Debug;
		};
		2F81E42B22ACBFE6002E21B1 /* Release */ = {
			isa = XCBuildConfiguration;
			buildSettings = {
				ALWAYS_EMBED_SWIFT_STANDARD_LIBRARIES = YES;
				BUNDLE_LOADER = "$(TEST_HOST)";
				CODE_SIGN_STYLE = Automatic;
				INFOPLIST_FILE = LandmarksTests/Info.plist;
				LD_RUNPATH_SEARCH_PATHS = (
					"$(inherited)",
					"@executable_path/Frameworks",
					"@loader_path/Frameworks",
				);
				PRODUCT_BUNDLE_IDENTIFIER = DT.LandmarksTests;
				PRODUCT_NAME = "$(TARGET_NAME)";
				SWIFT_VERSION = 5.0;
				TARGETED_DEVICE_FAMILY = "1,2";
				TEST_HOST = "$(BUILT_PRODUCTS_DIR)/Landmarks.app/Landmarks";
			};
			name = Release;
		};
		2F81E42D22ACBFE6002E21B1 /* Debug */ = {
			isa = XCBuildConfiguration;
			buildSettings = {
				ALWAYS_EMBED_SWIFT_STANDARD_LIBRARIES = YES;
				CODE_SIGN_STYLE = Automatic;
				INFOPLIST_FILE = LandmarksUITests/Info.plist;
				LD_RUNPATH_SEARCH_PATHS = (
					"$(inherited)",
					"@executable_path/Frameworks",
					"@loader_path/Frameworks",
				);
				PRODUCT_BUNDLE_IDENTIFIER = DT.LandmarksUITests;
				PRODUCT_NAME = "$(TARGET_NAME)";
				SWIFT_VERSION = 5.0;
				TARGETED_DEVICE_FAMILY = "1,2";
				TEST_TARGET_NAME = Landmarks;
			};
			name = Debug;
		};
		2F81E42E22ACBFE6002E21B1 /* Release */ = {
			isa = XCBuildConfiguration;
			buildSettings = {
				ALWAYS_EMBED_SWIFT_STANDARD_LIBRARIES = YES;
				CODE_SIGN_STYLE = Automatic;
				INFOPLIST_FILE = LandmarksUITests/Info.plist;
				LD_RUNPATH_SEARCH_PATHS = (
					"$(inherited)",
					"@executable_path/Frameworks",
					"@loader_path/Frameworks",
				);
				PRODUCT_BUNDLE_IDENTIFIER = DT.LandmarksUITests;
				PRODUCT_NAME = "$(TARGET_NAME)";
				SWIFT_VERSION = 5.0;
				TARGETED_DEVICE_FAMILY = "1,2";
				TEST_TARGET_NAME = Landmarks;
			};
			name = Release;
		};
/* End XCBuildConfiguration section */

/* Begin XCConfigurationList section */
		2F81E3F722ACBFE5002E21B1 /* Build configuration list for PBXProject "Landmarks" */ = {
			isa = XCConfigurationList;
			buildConfigurations = (
				2F81E42422ACBFE6002E21B1 /* Debug */,
				2F81E42522ACBFE6002E21B1 /* Release */,
			);
			defaultConfigurationIsVisible = 0;
			defaultConfigurationName = Release;
		};
		2F81E42622ACBFE6002E21B1 /* Build configuration list for PBXNativeTarget "Landmarks" */ = {
			isa = XCConfigurationList;
			buildConfigurations = (
				2F81E42722ACBFE6002E21B1 /* Debug */,
				2F81E42822ACBFE6002E21B1 /* Release */,
			);
			defaultConfigurationIsVisible = 0;
			defaultConfigurationName = Release;
		};
		2F81E42922ACBFE6002E21B1 /* Build configuration list for PBXNativeTarget "LandmarksTests" */ = {
			isa = XCConfigurationList;
			buildConfigurations = (
				2F81E42A22ACBFE6002E21B1 /* Debug */,
				2F81E42B22ACBFE6002E21B1 /* Release */,
			);
			defaultConfigurationIsVisible = 0;
			defaultConfigurationName = Release;
		};
		2F81E42C22ACBFE6002E21B1 /* Build configuration list for PBXNativeTarget "LandmarksUITests" */ = {
			isa = XCConfigurationList;
			buildConfigurations = (
				2F81E42D22ACBFE6002E21B1 /* Debug */,
				2F81E42E22ACBFE6002E21B1 /* Release */,
			);
			defaultConfigurationIsVisible = 0;
			defaultConfigurationName = Release;
		};
/* End XCConfigurationList section */
	};
	rootObject = 2F81E3F422ACBFE5002E21B1 /* Project object */;
}
